{
  "originHash" : "c176e2b188ca50cf26973eac0e0fc86cc4d27f632d5d57f16da44a1e241d1d38",
  "pins" : [
    {
      "identity" : "onesignal-xcframework",
      "kind" : "remoteSourceControl",
      "location" : "https://github.com/OneSignal/OneSignal-XCFramework",
      "state" : {
        "revision" : "fb5b9f51b7142f534f6c5bb7e63c5a76a9c1bad4",
        "version" : "3.12.10"
      }
    },
    {
      "identity" : "realm-core",
      "kind" : "remoteSourceControl",
      "location" : "https://github.com/realm/realm-core.git",
      "state" : {
        "revision" : "cccb3ca9e26ec452a29f2f0d4050d1e38b8a3d43",
        "version" : "14.14.0"
      }
    },
    {
      "identity" : "realm-swift",
      "kind" : "remoteSourceControl",
      "location" : "https://github.com/realm/realm-swift",
      "state" : {
        "branch" : "master",
        "revision" : "5fcba6408c99eb3596bf5ae148bfc1a33b5adebd"
      }
    }
  ],
  "version" : 3
}
